
Microsoft Visual Studio Solution File, Format Version 11.00
# Visual C# Express 2010
Project("{FAE04EC0-301F-11D3-BF4B-00C04F79EFBC}") = "first game", "first game\first game\first game.csproj", "{CF0D1934-22A9-4686-B844-4F3838D98E2D}"
EndProject
Project("{96E2B04D-8817-42C6-938A-82C39BA4D311}") = "first gameContent", "first game\first gameContent\first gameContent.contentproj", "{24A1B7A9-CB5B-4710-8236-E0BDF3238679}"
EndProject
Global
	GlobalSection(SolutionConfigurationPlatforms) = preSolution
		Debug|x86 = Debug|x86
		Release|x86 = Release|x86
	EndGlobalSection
	GlobalSection(ProjectConfigurationPlatforms) = postSolution
		{CF0D1934-22A9-4686-B844-4F3838D98E2D}.Debug|x86.ActiveCfg = Debug|x86
		{CF0D1934-22A9-4686-B844-4F3838D98E2D}.Debug|x86.Build.0 = Debug|x86
		{CF0D1934-22A9-4686-B844-4F3838D98E2D}.Release|x86.ActiveCfg = Release|x86
		{CF0D1934-22A9-4686-B844-4F3838D98E2D}.Release|x86.Build.0 = Release|x86
		{24A1B7A9-CB5B-4710-8236-E0BDF3238679}.Debug|x86.ActiveCfg = Debug|x86
		{24A1B7A9-CB5B-4710-8236-E0BDF3238679}.Release|x86.ActiveCfg = Release|x86
	EndGlobalSection
	GlobalSection(SolutionProperties) = preSolution
		HideSolutionNode = FALSE
	EndGlobalSection
EndGlobal
